
Microsoft Visual Studio Solution File, Format Version 12.00
Project("{FAE04EC0-301F-11D3-BF4B-00C04F79EFBC}") = "FluentBuilder", "FluentBuilder\FluentBuilder.csproj", "{95FE5D06-2605-4BF8-AD90-5D2E80879F0A}"
EndProject
Global
	GlobalSection(SolutionConfigurationPlatforms) = preSolution
		Debug|Any CPU = Debug|Any CPU
		Release|Any CPU = Release|Any CPU
	EndGlobalSection
	GlobalSection(ProjectConfigurationPlatforms) = postSolution
		{95FE5D06-2605-4BF8-AD90-5D2E80879F0A}.Debug|Any CPU.ActiveCfg = Debug|Any CPU
		{95FE5D06-2605-4BF8-AD90-5D2E80879F0A}.Debug|Any CPU.Build.0 = Debug|Any CPU
		{95FE5D06-2605-4BF8-AD90-5D2E80879F0A}.Release|Any CPU.ActiveCfg = Release|Any CPU
		{95FE5D06-2605-4BF8-AD90-5D2E80879F0A}.Release|Any CPU.Build.0 = Release|Any CPU
	EndGlobalSection
EndGlobal
